{
  "originHash" : "38db9305d7c261ab4238bd6c07e4982c16fd88ec1792d25204ab2c58c48fc902",
  "pins" : [
    {
      "identity" : "alamofire",
      "kind" : "remoteSourceControl",
      "location" : "https://github.com/Alamofire/Alamofire.git",
      "state" : {
        "revision" : "e938f8c66708e7352fc7e3512647fa54255b267a",
        "version" : "5.11.2"
      }
    },
    {
      "identity" : "debugswift",
      "kind" : "remoteSourceControl",
      "location" : "https://github.com/DebugSwift/DebugSwift",
      "state" : {
        "revision" : "6d7ab0fe6ab902f4524ada0da442fc5cae8b4b49",
        "version" : "1.14.0"
      }
    },
    {
      "identity" : "r.swift",
      "kind" : "remoteSourceControl",
      "location" : "https://github.com/mac-cain13/R.swift",
      "state" : {
        "revision" : "a9abc6b0afe0fc4a5a71e1d7d2872143dff2d2f1",
        "version" : "7.8.0"
      }
    },
    {
      "identity" : "swift-argument-parser",
      "kind" : "remoteSourceControl",
      "location" : "https://github.com/apple/swift-argument-parser",
      "state" : {
        "revision" : "626b5b7b2f45e1b0b1c6f4a309296d1d21d7311b",
        "version" : "1.7.1"
      }
    },
    {
      "identity" : "swift-log",
      "kind" : "remoteSourceControl",
      "location" : "https://github.com/apple/swift-log",
      "state" : {
        "revision" : "8c0f217f01000dd30f60d6e536569ad4e74291f9",
        "version" : "1.11.0"
      }
    },
    {
      "identity" : "swifterswift",
      "kind" : "remoteSourceControl",
      "location" : "https://github.com/SwifterSwift/SwifterSwift.git",
      "state" : {
        "branch" : "master",
        "revision" : "8b7c0902973835ae6a1095e333f4cf52b4d22032"
      }
    },
    {
      "identity" : "swiftybeaver",
      "kind" : "remoteSourceControl",
      "location" : "https://github.com/SwiftyBeaver/SwiftyBeaver.git",
      "state" : {
        "revision" : "8cba041db09596183331d123f337d0eb2e6e8e91",
        "version" : "2.1.1"
      }
    },
    {
      "identity" : "xcodeedit",
      "kind" : "remoteSourceControl",
      "location" : "https://github.com/tomlokhorst/XcodeEdit",
      "state" : {
        "revision" : "0e550cdee72844b35431afc3a1e176042be6d0f0",
        "version" : "2.13.0"
      }
    }
  ],
  "version" : 3
}
